
Microsoft Visual Studio Solution File, Format Version 12.00
# Visual Studio 15
VisualStudioVersion = 15.0.27703.2026
MinimumVisualStudioVersion = 10.0.40219.1
Project("{9A19103F-16F7-4668-BE54-9A1E7A4F7556}") = "Alura.WebAPI.Model", "Alura.WebAPI.Model\Alura.WebAPI.Model.csproj", "{492C972C-38DD-4C4F-B3C3-C9A62898E406}"
EndProject
Project("{9A19103F-16F7-4668-BE54-9A1E7A4F7556}") = "Alura.WebAPI.WebApp", "Alura.WebAPI.WebApp\Alura.WebAPI.WebApp.csproj", "{3EA2D4E0-1B65-4B65-8A66-1EEAE9063F81}"
EndProject
Project("{2150E333-8FDC-42A3-9474-1A3956D46DE8}") = "0-Common", "0-Common", "{58B6C847-CC64-4D78-B854-57E826A5BE62}"
EndProject
Project("{2150E333-8FDC-42A3-9474-1A3956D46DE8}") = "1-Services", "1-Services", "{AD64A2D5-F033-40E0-9C69-E38B3F195791}"
EndProject
Project("{2150E333-8FDC-42A3-9474-1A3956D46DE8}") = "2-Apps", "2-Apps", "{04192D6B-5E39-46C6-A7AB-1B79360192CE}"
EndProject
Project("{9A19103F-16F7-4668-BE54-9A1E7A4F7556}") = "Alura.WebAPI.Seguranca", "Alura.WebAPI.Seguranca\Alura.WebAPI.Seguranca.csproj", "{A2359AE4-9EE1-43ED-9407-1C2CF73EA819}"
EndProject
Project("{9A19103F-16F7-4668-BE54-9A1E7A4F7556}") = "Alura.WebAPI.DAL.Livros", "Alura.WebAPI.DAL.Livros\Alura.WebAPI.DAL.Livros.csproj", "{8980974A-1B85-4BDB-A1D0-0CCB5F709037}"
EndProject
Project("{9A19103F-16F7-4668-BE54-9A1E7A4F7556}") = "Alura.WebAPI.DAL.Usuarios", "Alura.WebAPI.DAL.Usuarios\Alura.WebAPI.DAL.Usuarios.csproj", "{ED01027C-93E5-495F-8C24-0289E72DC8F2}"
EndProject
Global
	GlobalSection(SolutionConfigurationPlatforms) = preSolution
		Debug|Any CPU = Debug|Any CPU
		Release|Any CPU = Release|Any CPU
	EndGlobalSection
	GlobalSection(ProjectConfigurationPlatforms) = postSolution
		{492C972C-38DD-4C4F-B3C3-C9A62898E406}.Debug|Any CPU.ActiveCfg = Debug|Any CPU
		{492C972C-38DD-4C4F-B3C3-C9A62898E406}.Debug|Any CPU.Build.0 = Debug|Any CPU
		{492C972C-38DD-4C4F-B3C3-C9A62898E406}.Release|Any CPU.ActiveCfg = Release|Any CPU
		{492C972C-38DD-4C4F-B3C3-C9A62898E406}.Release|Any CPU.Build.0 = Release|Any CPU
		{3EA2D4E0-1B65-4B65-8A66-1EEAE9063F81}.Debug|Any CPU.ActiveCfg = Debug|Any CPU
		{3EA2D4E0-1B65-4B65-8A66-1EEAE9063F81}.Debug|Any CPU.Build.0 = Debug|Any CPU
		{3EA2D4E0-1B65-4B65-8A66-1EEAE9063F81}.Release|Any CPU.ActiveCfg = Release|Any CPU
		{3EA2D4E0-1B65-4B65-8A66-1EEAE9063F81}.Release|Any CPU.Build.0 = Release|Any CPU
		{793300DF-1F62-4A58-BB4B-7FDD7EF9634E}.Debug|Any CPU.ActiveCfg = Debug|Any CPU
		{793300DF-1F62-4A58-BB4B-7FDD7EF9634E}.Debug|Any CPU.Build.0 = Debug|Any CPU
		{793300DF-1F62-4A58-BB4B-7FDD7EF9634E}.Release|Any CPU.ActiveCfg = Release|Any CPU
		{793300DF-1F62-4A58-BB4B-7FDD7EF9634E}.Release|Any CPU.Build.0 = Release|Any CPU
		{D81D7845-2C25-4FC3-A17B-365D7BD26967}.Debug|Any CPU.ActiveCfg = Debug|Any CPU
		{D81D7845-2C25-4FC3-A17B-365D7BD26967}.Debug|Any CPU.Build.0 = Debug|Any CPU
		{D81D7845-2C25-4FC3-A17B-365D7BD26967}.Release|Any CPU.ActiveCfg = Release|Any CPU
		{D81D7845-2C25-4FC3-A17B-365D7BD26967}.Release|Any CPU.Build.0 = Release|Any CPU
		{A2359AE4-9EE1-43ED-9407-1C2CF73EA819}.Debug|Any CPU.ActiveCfg = Debug|Any CPU
		{A2359AE4-9EE1-43ED-9407-1C2CF73EA819}.Debug|Any CPU.Build.0 = Debug|Any CPU
		{A2359AE4-9EE1-43ED-9407-1C2CF73EA819}.Release|Any CPU.ActiveCfg = Release|Any CPU
		{A2359AE4-9EE1-43ED-9407-1C2CF73EA819}.Release|Any CPU.Build.0 = Release|Any CPU
		{8980974A-1B85-4BDB-A1D0-0CCB5F709037}.Debug|Any CPU.ActiveCfg = Debug|Any CPU
		{8980974A-1B85-4BDB-A1D0-0CCB5F709037}.Debug|Any CPU.Build.0 = Debug|Any CPU
		{8980974A-1B85-4BDB-A1D0-0CCB5F709037}.Release|Any CPU.ActiveCfg = Release|Any CPU
		{8980974A-1B85-4BDB-A1D0-0CCB5F709037}.Release|Any CPU.Build.0 = Release|Any CPU
		{ED01027C-93E5-495F-8C24-0289E72DC8F2}.Debug|Any CPU.ActiveCfg = Debug|Any CPU
		{ED01027C-93E5-495F-8C24-0289E72DC8F2}.Debug|Any CPU.Build.0 = Debug|Any CPU
		{ED01027C-93E5-495F-8C24-0289E72DC8F2}.Release|Any CPU.ActiveCfg = Release|Any CPU
		{ED01027C-93E5-495F-8C24-0289E72DC8F2}.Release|Any CPU.Build.0 = Release|Any CPU
		{8ABE5AA8-CEB1-4EC4-8A29-09AB4CCFB400}.Debug|Any CPU.ActiveCfg = Debug|Any CPU
		{8ABE5AA8-CEB1-4EC4-8A29-09AB4CCFB400}.Debug|Any CPU.Build.0 = Debug|Any CPU
		{8ABE5AA8-CEB1-4EC4-8A29-09AB4CCFB400}.Release|Any CPU.ActiveCfg = Release|Any CPU
		{8ABE5AA8-CEB1-4EC4-8A29-09AB4CCFB400}.Release|Any CPU.Build.0 = Release|Any CPU
		{5639B140-3705-45FB-B1F1-212BD7034023}.Debug|Any CPU.ActiveCfg = Debug|Any CPU
		{5639B140-3705-45FB-B1F1-212BD7034023}.Debug|Any CPU.Build.0 = Debug|Any CPU
		{5639B140-3705-45FB-B1F1-212BD7034023}.Release|Any CPU.ActiveCfg = Release|Any CPU
		{5639B140-3705-45FB-B1F1-212BD7034023}.Release|Any CPU.Build.0 = Release|Any CPU
		{9053605D-8703-44E7-8F23-00D738888B72}.Debug|Any CPU.ActiveCfg = Debug|Any CPU
		{9053605D-8703-44E7-8F23-00D738888B72}.Debug|Any CPU.Build.0 = Debug|Any CPU
		{9053605D-8703-44E7-8F23-00D738888B72}.Release|Any CPU.ActiveCfg = Release|Any CPU
		{9053605D-8703-44E7-8F23-00D738888B72}.Release|Any CPU.Build.0 = Release|Any CPU
		{3CC9784F-82C5-4999-BE83-7C4A2B96835D}.Debug|Any CPU.ActiveCfg = Debug|Any CPU
		{3CC9784F-82C5-4999-BE83-7C4A2B96835D}.Debug|Any CPU.Build.0 = Debug|Any CPU
		{3CC9784F-82C5-4999-BE83-7C4A2B96835D}.Release|Any CPU.ActiveCfg = Release|Any CPU
		{3CC9784F-82C5-4999-BE83-7C4A2B96835D}.Release|Any CPU.Build.0 = Release|Any CPU
	EndGlobalSection
	GlobalSection(SolutionProperties) = preSolution
		HideSolutionNode = FALSE
	EndGlobalSection
	GlobalSection(NestedProjects) = preSolution
		{492C972C-38DD-4C4F-B3C3-C9A62898E406} = {58B6C847-CC64-4D78-B854-57E826A5BE62}
		{3EA2D4E0-1B65-4B65-8A66-1EEAE9063F81} = {04192D6B-5E39-46C6-A7AB-1B79360192CE}
		{793300DF-1F62-4A58-BB4B-7FDD7EF9634E} = {AD64A2D5-F033-40E0-9C69-E38B3F195791}
		{D81D7845-2C25-4FC3-A17B-365D7BD26967} = {AD64A2D5-F033-40E0-9C69-E38B3F195791}
		{A2359AE4-9EE1-43ED-9407-1C2CF73EA819} = {58B6C847-CC64-4D78-B854-57E826A5BE62}
		{8980974A-1B85-4BDB-A1D0-0CCB5F709037} = {58B6C847-CC64-4D78-B854-57E826A5BE62}
		{ED01027C-93E5-495F-8C24-0289E72DC8F2} = {58B6C847-CC64-4D78-B854-57E826A5BE62}
		{8ABE5AA8-CEB1-4EC4-8A29-09AB4CCFB400} = {04192D6B-5E39-46C6-A7AB-1B79360192CE}
		{5639B140-3705-45FB-B1F1-212BD7034023} = {58B6C847-CC64-4D78-B854-57E826A5BE62}
		{9053605D-8703-44E7-8F23-00D738888B72} = {04192D6B-5E39-46C6-A7AB-1B79360192CE}
		{3CC9784F-82C5-4999-BE83-7C4A2B96835D} = {04192D6B-5E39-46C6-A7AB-1B79360192CE}
	EndGlobalSection
	GlobalSection(ExtensibilityGlobals) = postSolution
		SolutionGuid = {27AF3585-B804-4D4A-9C5B-5667BF413334}
	EndGlobalSection
EndGlobal
