
Microsoft Visual Studio Solution File, Format Version 12.00
# Visual Studio Version 16
VisualStudioVersion = 16.0.31702.278
MinimumVisualStudioVersion = 10.0.40219.1
Project("{9A19103F-16F7-4668-BE54-9A1E7A4F7556}") = "Paginacao", "Paginacao.csproj", "{86B40955-7ADF-472C-BAA2-EED10D8E417F}"
EndProject
Global
	GlobalSection(SolutionConfigurationPlatforms) = preSolution
		Debug|Any CPU = Debug|Any CPU
		Release|Any CPU = Release|Any CPU
	EndGlobalSection
	GlobalSection(ProjectConfigurationPlatforms) = postSolution
		{86B40955-7ADF-472C-BAA2-EED10D8E417F}.Debug|Any CPU.ActiveCfg = Debug|Any CPU
		{86B40955-7ADF-472C-BAA2-EED10D8E417F}.Debug|Any CPU.Build.0 = Debug|Any CPU
		{86B40955-7ADF-472C-BAA2-EED10D8E417F}.Release|Any CPU.ActiveCfg = Release|Any CPU
		{86B40955-7ADF-472C-BAA2-EED10D8E417F}.Release|Any CPU.Build.0 = Release|Any CPU
	EndGlobalSection
	GlobalSection(SolutionProperties) = preSolution
		HideSolutionNode = FALSE
	EndGlobalSection
	GlobalSection(ExtensibilityGlobals) = postSolution
		SolutionGuid = {6B214981-6524-4761-B14C-1A32E2FD004C}
	EndGlobalSection
EndGlobal
