
Microsoft Visual Studio Solution File, Format Version 12.00
# Visual Studio Version 16
VisualStudioVersion = 16.0.30907.101
MinimumVisualStudioVersion = 10.0.40219.1
Project("{FAE04EC0-301F-11D3-BF4B-00C04F79EFBC}") = "Algoritmos", "Algoritmos\Algoritmos.csproj", "{13D87A23-9FE7-4FD0-9324-E7AB235ACEC7}"
EndProject
Global
	GlobalSection(SolutionConfigurationPlatforms) = preSolution
		Debug|Any CPU = Debug|Any CPU
		Release|Any CPU = Release|Any CPU
	EndGlobalSection
	GlobalSection(ProjectConfigurationPlatforms) = postSolution
		{13D87A23-9FE7-4FD0-9324-E7AB235ACEC7}.Debug|Any CPU.ActiveCfg = Debug|Any CPU
		{13D87A23-9FE7-4FD0-9324-E7AB235ACEC7}.Debug|Any CPU.Build.0 = Debug|Any CPU
		{13D87A23-9FE7-4FD0-9324-E7AB235ACEC7}.Release|Any CPU.ActiveCfg = Release|Any CPU
		{13D87A23-9FE7-4FD0-9324-E7AB235ACEC7}.Release|Any CPU.Build.0 = Release|Any CPU
	EndGlobalSection
	GlobalSection(SolutionProperties) = preSolution
		HideSolutionNode = FALSE
	EndGlobalSection
	GlobalSection(ExtensibilityGlobals) = postSolution
		SolutionGuid = {AFD8492C-2DDE-421A-B5E0-9F991ED8766B}
	EndGlobalSection
EndGlobal
